
Microsoft Visual Studio Solution File, Format Version 12.00
# Visual Studio Version 17
VisualStudioVersion = 17.1.32210.238
MinimumVisualStudioVersion = 10.0.40219.1
Project("{9A19103F-16F7-4668-BE54-9A1E7A4F7556}") = "LinkedList", "LinkedList\LinkedList.csproj", "{28537B83-A702-413C-8F4F-24AAAC7F2CE0}"
EndProject
Project("{FAE04EC0-301F-11D3-BF4B-00C04F79EFBC}") = "LinkedLists.Tests", "LinkedLists.Tests\LinkedLists.Tests.csproj", "{F11C5581-9F5C-4237-913F-59FEBB1E241F}"
EndProject
Global
	GlobalSection(SolutionConfigurationPlatforms) = preSolution
		Debug|Any CPU = Debug|Any CPU
		Release|Any CPU = Release|Any CPU
	EndGlobalSection
	GlobalSection(ProjectConfigurationPlatforms) = postSolution
		{28537B83-A702-413C-8F4F-24AAAC7F2CE0}.Debug|Any CPU.ActiveCfg = Debug|Any CPU
		{28537B83-A702-413C-8F4F-24AAAC7F2CE0}.Debug|Any CPU.Build.0 = Debug|Any CPU
		{28537B83-A702-413C-8F4F-24AAAC7F2CE0}.Release|Any CPU.ActiveCfg = Release|Any CPU
		{28537B83-A702-413C-8F4F-24AAAC7F2CE0}.Release|Any CPU.Build.0 = Release|Any CPU
		{F11C5581-9F5C-4237-913F-59FEBB1E241F}.Debug|Any CPU.ActiveCfg = Debug|Any CPU
		{F11C5581-9F5C-4237-913F-59FEBB1E241F}.Debug|Any CPU.Build.0 = Debug|Any CPU
		{F11C5581-9F5C-4237-913F-59FEBB1E241F}.Release|Any CPU.ActiveCfg = Release|Any CPU
		{F11C5581-9F5C-4237-913F-59FEBB1E241F}.Release|Any CPU.Build.0 = Release|Any CPU
	EndGlobalSection
	GlobalSection(SolutionProperties) = preSolution
		HideSolutionNode = FALSE
	EndGlobalSection
	GlobalSection(ExtensibilityGlobals) = postSolution
		SolutionGuid = {14951515-A3C5-4BE5-AB09-6E5DD9BD23F9}
	EndGlobalSection
EndGlobal
